// !$*UTF8*$!
{
	archiveVersion = 1;
	classes = {
	};
	objectVersion = 46;
	objects = {

/* Begin PBXBuildFile section */
		6AB14A1E1DF4299400EA9827 /* AppDelegate.swift in Sources */ = {isa = PBXBuildFile; fileRef = 6AB14A1D1DF4299400EA9827 /* AppDelegate.swift */; };
		6AB14A201DF4299400EA9827 /* ViewController.swift in Sources */ = {isa = PBXBuildFile; fileRef = 6AB14A1F1DF4299400EA9827 /* ViewController.swift */; };
		6AB14A231DF4299400EA9827 /* Main.storyboard in Resources */ = {isa = PBXBuildFile; fileRef = 6AB14A211DF4299400EA9827 /* Main.storyboard */; };
		6AB14A251DF4299400EA9827 /* Assets.xcassets in Resources */ = {isa = PBXBuildFile; fileRef = 6AB14A241DF4299400EA9827 /* Assets.xcassets */; };
		6AB14A281DF4299400EA9827 /* LaunchScreen.storyboard in Resources */ = {isa = PBXBuildFile; fileRef = 6AB14A261DF4299400EA9827 /* LaunchScreen.storyboard */; };
		6AB14A301DF429A600EA9827 /* QRTool.swift in Sources */ = {isa = PBXBuildFile; fileRef = 6AB14A2F1DF429A600EA9827 /* QRTool.swift */; };
/* End PBXBuildFile section */

/* Begin PBXFileReference section */
		6AB14A1A1DF4299400EA9827 /* QRToolDemo.app */ = {isa = PBXFileReference; explicitFileType = wrapper.application; includeInIndex = 0; path = QRToolDemo.app; sourceTree = BUILT_PRODUCTS_DIR; };
		6AB14A1D1DF4299400EA9827 /* AppDelegate.swift */ = {isa = PBXFileReference; lastKnownFileType = sourcecode.swift; path = AppDelegate.swift; sourceTree = "<group>"; };
		6AB14A1F1DF4299400EA9827 /* ViewController.swift */ = {isa = PBXFileReference; lastKnownFileType = sourcecode.swift; path = ViewController.swift; sourceTree = "<group>"; };
		6AB14A221DF4299400EA9827 /* Base */ = {isa = PBXFileReference; lastKnownFileType = file.storyboard; name = Base; path = Base.lproj/Main.storyboard; sourceTree = "<group>"; };
		6AB14A241DF4299400EA9827 /* Assets.xcassets */ = {isa = PBXFileReference; lastKnownFileType = folder.assetcatalog; path = Assets.xcassets; sourceTree = "<group>"; };
		6AB14A271DF4299400EA9827 /* Base */ = {isa = PBXFileReference; lastKnownFileType = file.storyboard; name = Base; path = Base.lproj/LaunchScreen.storyboard; sourceTree = "<group>"; };
		6AB14A291DF4299400EA9827 /* Info.plist */ = {isa = PBXFileReference; lastKnownFileType = text.plist.xml; path = Info.plist; sourceTree = "<group>"; };
		6AB14A2F1DF429A600EA9827 /* QRTool.swift */ = {isa = PBXFileReference; fileEncoding = 4; lastKnownFileType = sourcecode.swift; path = QRTool.swift; sourceTree = "<group>"; };
/* End PBXFileReference section */

/* Begin PBXFrameworksBuildPhase section */
		6AB14A171DF4299400EA9827 /* Frameworks */ = {
			isa = PBXFrameworksBuildPhase;
			buildActionMask = 2147483647;
			files = (
			);
			runOnlyForDeploymentPostprocessing = 0;
		};
/* End PBXFrameworksBuildPhase section */

/* Begin PBXGroup section */
		6AB14A111DF4299400EA9827 = {
			isa = PBXGroup;
			children = (
				6AB14A1C1DF4299400EA9827 /* QRToolDemo */,
				6AB14A1B1DF4299400EA9827 /* Products */,
			);
			sourceTree = "<group>";
		};
		6AB14A1B1DF4299400EA9827 /* Products */ = {
			isa = PBXGroup;
			children = (
				6AB14A1A1DF4299400EA9827 /* QRToolDemo.app */,
			);
			name = Products;
			sourceTree = "<group>";
		};
		6AB14A1C1DF4299400EA9827 /* QRToolDemo */ = {
			isa = PBXGroup;
			children = (
				6AB14A1D1DF4299400EA9827 /* AppDelegate.swift */,
				6AB14A1F1DF4299400EA9827 /* ViewController.swift */,
				6AB14A211DF4299400EA9827 /* Main.storyboard */,
				6AB14A241DF4299400EA9827 /* Assets.xcassets */,
				6AB14A261DF4299400EA9827 /* LaunchScreen.storyboard */,
				6AB14A291DF4299400EA9827 /* Info.plist */,
				6AB14A2F1DF429A600EA9827 /* QRTool.swift */,
			);
			path = QRToolDemo;
			sourceTree = "<group>";
		};
/* End PBXGroup section */

/* Begin PBXNativeTarget section */
		6AB14A191DF4299400EA9827 /* QRToolDemo */ = {
			isa = PBXNativeTarget;
			buildConfigurationList = 6AB14A2C1DF4299400EA9827 /* Build configuration list for PBXNativeTarget "QRToolDemo" */;
			buildPhases = (
				6AB14A161DF4299400EA9827 /* Sources */,
				6AB14A171DF4299400EA9827 /* Frameworks */,
				6AB14A181DF4299400EA9827 /* Resources */,
			);
			buildRules = (
			);
			dependencies = (
			);
			name = QRToolDemo;
			productName = QRToolDemo;
			productReference = 6AB14A1A1DF4299400EA9827 /* QRToolDemo.app */;
			productType = "com.apple.product-type.application";
		};
/* End PBXNativeTarget section */

/* Begin PBXProject section */
		6AB14A121DF4299400EA9827 /* Project object */ = {
			isa = PBXProject;
			attributes = {
				LastSwiftUpdateCheck = 0810;
				LastUpgradeCheck = 0810;
				ORGANIZATIONNAME = targetcloud;
				TargetAttributes = {
					6AB14A191DF4299400EA9827 = {
						CreatedOnToolsVersion = 8.1;
						DevelopmentTeam = 38C5J53JU9;
						ProvisioningStyle = Automatic;
					};
				};
			};
			buildConfigurationList = 6AB14A151DF4299400EA9827 /* Build configuration list for PBXProject "QRToolDemo" */;
			compatibilityVersion = "Xcode 3.2";
			developmentRegion = English;
			hasScannedForEncodings = 0;
			knownRegions = (
				en,
				Base,
			);
			mainGroup = 6AB14A111DF4299400EA9827;
			productRefGroup = 6AB14A1B1DF4299400EA9827 /* Products */;
			projectDirPath = "";
			projectRoot = "";
			targets = (
				6AB14A191DF4299400EA9827 /* QRToolDemo */,
			);
		};
/* End PBXProject section */

/* Begin PBXResourcesBuildPhase section */
		6AB14A181DF4299400EA9827 /* Resources */ = {
			isa = PBXResourcesBuildPhase;
			buildActionMask = 2147483647;
			files = (
				6AB14A281DF4299400EA9827 /* LaunchScreen.storyboard in Resources */,
				6AB14A251DF4299400EA9827 /* Assets.xcassets in Resources */,
				6AB14A231DF4299400EA9827 /* Main.storyboard in Resources */,
			);
			runOnlyForDeploymentPostprocessing = 0;
		};
/* End PBXResourcesBuildPhase section */

/* Begin PBXSourcesBuildPhase section */
		6AB14A161DF4299400EA9827 /* Sources */ = {
			isa = PBXSourcesBuildPhase;
			buildActionMask = 2147483647;
			files = (
				6AB14A201DF4299400EA9827 /* ViewController.swift in Sources */,
				6AB14A1E1DF4299400EA9827 /* AppDelegate.swift in Sources */,
				6AB14A301DF429A600EA9827 /* QRTool.swift in Sources */,
			);
			runOnlyForDeploymentPostprocessing = 0;
		};
/* End PBXSourcesBuildPhase section */

/* Begin PBXVariantGroup section */
		6AB14A211DF4299400EA9827 /* Main.storyboard */ = {
			isa = PBXVariantGroup;
			children = (
				6AB14A221DF4299400EA9827 /* Base */,
			);
			name = Main.storyboard;
			sourceTree = "<group>";
		};
		6AB14A261DF4299400EA9827 /* LaunchScreen.storyboard */ = {
			isa = PBXVariantGroup;
			children = (
				6AB14A271DF4299400EA9827 /* Base */,
			);
			name = LaunchScreen.storyboard;
			sourceTree = "<group>";
		};
/* End PBXVariantGroup section */

/* Begin XCBuildConfiguration section */
		6AB14A2A1DF4299400EA9827 /* Debug */ = {
			isa = XCBuildConfiguration;
			buildSettings = {
				ALWAYS_SEARCH_USER_PATHS = NO;
				CLANG_ANALYZER_NONNULL = YES;
				CLANG_CXX_LANGUAGE_STANDARD = "gnu++0x";
				CLANG_CXX_LIBRARY = "libc++";
				CLANG_ENABLE_MODULES = YES;
				CLANG_ENABLE_OBJC_ARC = YES;
				CLANG_WARN_BOOL_CONVERSION = YES;
				CLANG_WARN_CONSTANT_CONVERSION = YES;
				CLANG_WARN_DIRECT_OBJC_ISA_USAGE = YES_ERROR;
				CLANG_WARN_DOCUMENTATION_COMMENTS = YES;
				CLANG_WARN_EMPTY_BODY = YES;
				CLANG_WARN_ENUM_CONVERSION = YES;
				CLANG_WARN_INFINITE_RECURSION = YES;
				CLANG_WARN_INT_CONVERSION = YES;
				CLANG_WARN_OBJC_ROOT_CLASS = YES_ERROR;
				CLANG_WARN_SUSPICIOUS_MOVES = YES;
				CLANG_WARN_UNREACHABLE_CODE = YES;
				CLANG_WARN__DUPLICATE_METHOD_MATCH = YES;
				"CODE_SIGN_IDENTITY[sdk=iphoneos*]" = "iPhone Developer";
				COPY_PHASE_STRIP = NO;
				DEBUG_INFORMATION_FORMAT = dwarf;
				ENABLE_STRICT_OBJC_MSGSEND = YES;
				ENABLE_TESTABILITY = YES;
				GCC_C_LANGUAGE_STANDARD = gnu99;
				GCC_DYNAMIC_NO_PIC = NO;
				GCC_NO_COMMON_BLOCKS = YES;
				GCC_OPTIMIZATION_LEVEL = 0;
				GCC_PREPROCESSOR_DEFINITIONS = (
					"DEBUG=1",
					"$(inherited)",
				);
				GCC_WARN_64_TO_32_BIT_CONVERSION = YES;
				GCC_WARN_ABOUT_RETURN_TYPE = YES_ERROR;
				GCC_WARN_UNDECLARED_SELECTOR = YES;
				GCC_WARN_UNINITIALIZED_AUTOS = YES_AGGRESSIVE;
				GCC_WARN_UNUSED_FUNCTION = YES;
				GCC_WARN_UNUSED_VARIABLE = YES;
				IPHONEOS_DEPLOYMENT_TARGET = 10.1;
				MTL_ENABLE_DEBUG_INFO = YES;
				ONLY_ACTIVE_ARCH = YES;
				SDKROOT = iphoneos;
				SWIFT_ACTIVE_COMPILATION_CONDITIONS = DEBUG;
				SWIFT_OPTIMIZATION_LEVEL = "-Onone";
			};
			name = Debug;
		};
		6AB14A2B1DF4299400EA9827 /* Release */ = {
			isa = XCBuildConfiguration;
			buildSettings = {
				ALWAYS_SEARCH_USER_PATHS = NO;
				CLANG_ANALYZER_NONNULL = YES;
				CLANG_CXX_LANGUAGE_STANDARD = "gnu++0x";
				CLANG_CXX_LIBRARY = "libc++";
				CLANG_ENABLE_MODULES = YES;
				CLANG_ENABLE_OBJC_ARC = YES;
				CLANG_WARN_BOOL_CONVERSION = YES;
				CLANG_WARN_CONSTANT_CONVERSION = YES;
				CLANG_WARN_DIRECT_OBJC_ISA_USAGE = YES_ERROR;
				CLANG_WARN_DOCUMENTATION_COMMENTS = YES;
				CLANG_WARN_EMPTY_BODY = YES;
				CLANG_WARN_ENUM_CONVERSION = YES;
				CLANG_WARN_INFINITE_RECURSION = YES;
				CLANG_WARN_INT_CONVERSION = YES;
				CLANG_WARN_OBJC_ROOT_CLASS = YES_ERROR;
				CLANG_WARN_SUSPICIOUS_MOVES = YES;
				CLANG_WARN_UNREACHABLE_CODE = YES;
				CLANG_WARN__DUPLICATE_METHOD_MATCH = YES;
				"CODE_SIGN_IDENTITY[sdk=iphoneos*]" = "iPhone Developer";
				COPY_PHASE_STRIP = NO;
				DEBUG_INFORMATION_FORMAT = "dwarf-with-dsym";
				ENABLE_NS_ASSERTIONS = NO;
				ENABLE_STRICT_OBJC_MSGSEND = YES;
				GCC_C_LANGUAGE_STANDARD = gnu99;
				GCC_NO_COMMON_BLOCKS = YES;
				GCC_WARN_64_TO_32_BIT_CONVERSION = YES;
				GCC_WARN_ABOUT_RETURN_TYPE = YES_ERROR;
				GCC_WARN_UNDECLARED_SELECTOR = YES;
				GCC_WARN_UNINITIALIZED_AUTOS = YES_AGGRESSIVE;
				GCC_WARN_UNUSED_FUNCTION = YES;
				GCC_WARN_UNUSED_VARIABLE = YES;
				IPHONEOS_DEPLOYMENT_TARGET = 10.1;
				MTL_ENABLE_DEBUG_INFO = NO;
				SDKROOT = iphoneos;
				SWIFT_OPTIMIZATION_LEVEL = "-Owholemodule";
				VALIDATE_PRODUCT = YES;
			};
			name = Release;
		};
		6AB14A2D1DF4299400EA9827 /* Debug */ = {
			isa = XCBuildConfiguration;
			buildSettings = {
				ASSETCATALOG_COMPILER_APPICON_NAME = AppIcon;
				DEVELOPMENT_TEAM = 38C5J53JU9;
				INFOPLIST_FILE = QRToolDemo/Info.plist;
				LD_RUNPATH_SEARCH_PATHS = "$(inherited) @executable_path/Frameworks";
				PRODUCT_BUNDLE_IDENTIFIER = net.targetcloud.QRToolDemo;
				PRODUCT_NAME = "$(TARGET_NAME)";
				SWIFT_VERSION = 3.0;
			};
			name = Debug;
		};
		6AB14A2E1DF4299400EA9827 /* Release */ = {
			isa = XCBuildConfiguration;
			buildSettings = {
				ASSETCATALOG_COMPILER_APPICON_NAME = AppIcon;
				DEVELOPMENT_TEAM = 38C5J53JU9;
				INFOPLIST_FILE = QRToolDemo/Info.plist;
				LD_RUNPATH_SEARCH_PATHS = "$(inherited) @executable_path/Frameworks";
				PRODUCT_BUNDLE_IDENTIFIER = net.targetcloud.QRToolDemo;
				PRODUCT_NAME = "$(TARGET_NAME)";
				SWIFT_VERSION = 3.0;
			};
			name = Release;
		};
/* End XCBuildConfiguration section */

/* Begin XCConfigurationList section */
		6AB14A151DF4299400EA9827 /* Build configuration list for PBXProject "QRToolDemo" */ = {
			isa = XCConfigurationList;
			buildConfigurations = (
				6AB14A2A1DF4299400EA9827 /* Debug */,
				6AB14A2B1DF4299400EA9827 /* Release */,
			);
			defaultConfigurationIsVisible = 0;
			defaultConfigurationName = Release;
		};
		6AB14A2C1DF4299400EA9827 /* Build configuration list for PBXNativeTarget "QRToolDemo" */ = {
			isa = XCConfigurationList;
			buildConfigurations = (
				6AB14A2D1DF4299400EA9827 /* Debug */,
				6AB14A2E1DF4299400EA9827 /* Release */,
			);
			defaultConfigurationIsVisible = 0;
			defaultConfigurationName = Release;
		};
/* End XCConfigurationList section */
	};
	rootObject = 6AB14A121DF4299400EA9827 /* Project object */;
}
